
Microsoft Visual Studio Solution File, Format Version 12.00
# Visual Studio Version 16
VisualStudioVersion = 16.0.29924.181
MinimumVisualStudioVersion = 10.0.40219.1
Project("{9A19103F-16F7-4668-BE54-9A1E7A4F7556}") = "Soccer.Common", "Soccer.Common\Soccer.Common.csproj", "{E54CDD7B-9A7A-42D9-A180-0A18749B5F14}"
EndProject
Project("{9A19103F-16F7-4668-BE54-9A1E7A4F7556}") = "Soccer.Web", "Soccer.Web\Soccer.Web.csproj", "{8528B69E-B816-48CE-AF6F-4972228E5C79}"
EndProject
Project("{FAE04EC0-301F-11D3-BF4B-00C04F79EFBC}") = "Soccer.Prism", "Soccer.Prism\Soccer.Prism\Soccer.Prism.csproj", "{D98997DC-66D0-4703-B655-8EBF5F86B17D}"
EndProject
Project("{FAE04EC0-301F-11D3-BF4B-00C04F79EFBC}") = "Soccer.Prism.Android", "Soccer.Prism\Soccer.Prism.Android\Soccer.Prism.Android.csproj", "{C9B156AB-D433-4FF7-8B70-BBAB7014B915}"
EndProject
Project("{FAE04EC0-301F-11D3-BF4B-00C04F79EFBC}") = "Soccer.Prism.iOS", "Soccer.Prism\Soccer.Prism.iOS\Soccer.Prism.iOS.csproj", "{25EA3A9A-B2E7-4C50-B24D-018D7D9661D8}"
EndProject
Project("{FAE04EC0-301F-11D3-BF4B-00C04F79EFBC}") = "Soccer.Cross.Android", "Soccer.Cross.Android\Soccer.Cross.Android.csproj", "{CD199DF0-2877-4A40-BE7E-76DF5A423F3C}"
EndProject
Project("{FAE04EC0-301F-11D3-BF4B-00C04F79EFBC}") = "Soccer.Cross.IOS", "Soccer.Cross.IOS\Soccer.Cross.IOS.csproj", "{0102FABD-26CE-4F96-9592-167F28A878CC}"
EndProject
Global
	GlobalSection(SolutionConfigurationPlatforms) = preSolution
		Ad-Hoc|Any CPU = Ad-Hoc|Any CPU
		Ad-Hoc|iPhone = Ad-Hoc|iPhone
		Ad-Hoc|iPhoneSimulator = Ad-Hoc|iPhoneSimulator
		AppStore|Any CPU = AppStore|Any CPU
		AppStore|iPhone = AppStore|iPhone
		AppStore|iPhoneSimulator = AppStore|iPhoneSimulator
		Debug|Any CPU = Debug|Any CPU
		Debug|iPhone = Debug|iPhone
		Debug|iPhoneSimulator = Debug|iPhoneSimulator
		Release|Any CPU = Release|Any CPU
		Release|iPhone = Release|iPhone
		Release|iPhoneSimulator = Release|iPhoneSimulator
	EndGlobalSection
	GlobalSection(ProjectConfigurationPlatforms) = postSolution
		{E54CDD7B-9A7A-42D9-A180-0A18749B5F14}.Ad-Hoc|Any CPU.ActiveCfg = Release|Any CPU
		{E54CDD7B-9A7A-42D9-A180-0A18749B5F14}.Ad-Hoc|Any CPU.Build.0 = Release|Any CPU
		{E54CDD7B-9A7A-42D9-A180-0A18749B5F14}.Ad-Hoc|iPhone.ActiveCfg = Release|Any CPU
		{E54CDD7B-9A7A-42D9-A180-0A18749B5F14}.Ad-Hoc|iPhone.Build.0 = Release|Any CPU
		{E54CDD7B-9A7A-42D9-A180-0A18749B5F14}.Ad-Hoc|iPhoneSimulator.ActiveCfg = Release|Any CPU
		{E54CDD7B-9A7A-42D9-A180-0A18749B5F14}.Ad-Hoc|iPhoneSimulator.Build.0 = Release|Any CPU
		{E54CDD7B-9A7A-42D9-A180-0A18749B5F14}.AppStore|Any CPU.ActiveCfg = Release|Any CPU
		{E54CDD7B-9A7A-42D9-A180-0A18749B5F14}.AppStore|Any CPU.Build.0 = Release|Any CPU
		{E54CDD7B-9A7A-42D9-A180-0A18749B5F14}.AppStore|iPhone.ActiveCfg = Release|Any CPU
		{E54CDD7B-9A7A-42D9-A180-0A18749B5F14}.AppStore|iPhone.Build.0 = Release|Any CPU
		{E54CDD7B-9A7A-42D9-A180-0A18749B5F14}.AppStore|iPhoneSimulator.ActiveCfg = Release|Any CPU
		{E54CDD7B-9A7A-42D9-A180-0A18749B5F14}.AppStore|iPhoneSimulator.Build.0 = Release|Any CPU
		{E54CDD7B-9A7A-42D9-A180-0A18749B5F14}.Debug|Any CPU.ActiveCfg = Debug|Any CPU
		{E54CDD7B-9A7A-42D9-A180-0A18749B5F14}.Debug|Any CPU.Build.0 = Debug|Any CPU
		{E54CDD7B-9A7A-42D9-A180-0A18749B5F14}.Debug|iPhone.ActiveCfg = Debug|Any CPU
		{E54CDD7B-9A7A-42D9-A180-0A18749B5F14}.Debug|iPhone.Build.0 = Debug|Any CPU
		{E54CDD7B-9A7A-42D9-A180-0A18749B5F14}.Debug|iPhoneSimulator.ActiveCfg = Debug|Any CPU
		{E54CDD7B-9A7A-42D9-A180-0A18749B5F14}.Debug|iPhoneSimulator.Build.0 = Debug|Any CPU
		{E54CDD7B-9A7A-42D9-A180-0A18749B5F14}.Release|Any CPU.ActiveCfg = Release|Any CPU
		{E54CDD7B-9A7A-42D9-A180-0A18749B5F14}.Release|Any CPU.Build.0 = Release|Any CPU
		{E54CDD7B-9A7A-42D9-A180-0A18749B5F14}.Release|iPhone.ActiveCfg = Release|Any CPU
		{E54CDD7B-9A7A-42D9-A180-0A18749B5F14}.Release|iPhone.Build.0 = Release|Any CPU
		{E54CDD7B-9A7A-42D9-A180-0A18749B5F14}.Release|iPhoneSimulator.ActiveCfg = Release|Any CPU
		{E54CDD7B-9A7A-42D9-A180-0A18749B5F14}.Release|iPhoneSimulator.Build.0 = Release|Any CPU
		{8528B69E-B816-48CE-AF6F-4972228E5C79}.Ad-Hoc|Any CPU.ActiveCfg = Release|Any CPU
		{8528B69E-B816-48CE-AF6F-4972228E5C79}.Ad-Hoc|Any CPU.Build.0 = Release|Any CPU
		{8528B69E-B816-48CE-AF6F-4972228E5C79}.Ad-Hoc|iPhone.ActiveCfg = Release|Any CPU
		{8528B69E-B816-48CE-AF6F-4972228E5C79}.Ad-Hoc|iPhone.Build.0 = Release|Any CPU
		{8528B69E-B816-48CE-AF6F-4972228E5C79}.Ad-Hoc|iPhoneSimulator.ActiveCfg = Release|Any CPU
		{8528B69E-B816-48CE-AF6F-4972228E5C79}.Ad-Hoc|iPhoneSimulator.Build.0 = Release|Any CPU
		{8528B69E-B816-48CE-AF6F-4972228E5C79}.AppStore|Any CPU.ActiveCfg = Release|Any CPU
		{8528B69E-B816-48CE-AF6F-4972228E5C79}.AppStore|Any CPU.Build.0 = Release|Any CPU
		{8528B69E-B816-48CE-AF6F-4972228E5C79}.AppStore|iPhone.ActiveCfg = Release|Any CPU
		{8528B69E-B816-48CE-AF6F-4972228E5C79}.AppStore|iPhone.Build.0 = Release|Any CPU
		{8528B69E-B816-48CE-AF6F-4972228E5C79}.AppStore|iPhoneSimulator.ActiveCfg = Release|Any CPU
		{8528B69E-B816-48CE-AF6F-4972228E5C79}.AppStore|iPhoneSimulator.Build.0 = Release|Any CPU
		{8528B69E-B816-48CE-AF6F-4972228E5C79}.Debug|Any CPU.ActiveCfg = Debug|Any CPU
		{8528B69E-B816-48CE-AF6F-4972228E5C79}.Debug|Any CPU.Build.0 = Debug|Any CPU
		{8528B69E-B816-48CE-AF6F-4972228E5C79}.Debug|iPhone.ActiveCfg = Debug|Any CPU
		{8528B69E-B816-48CE-AF6F-4972228E5C79}.Debug|iPhone.Build.0 = Debug|Any CPU
		{8528B69E-B816-48CE-AF6F-4972228E5C79}.Debug|iPhoneSimulator.ActiveCfg = Debug|Any CPU
		{8528B69E-B816-48CE-AF6F-4972228E5C79}.Debug|iPhoneSimulator.Build.0 = Debug|Any CPU
		{8528B69E-B816-48CE-AF6F-4972228E5C79}.Release|Any CPU.ActiveCfg = Release|Any CPU
		{8528B69E-B816-48CE-AF6F-4972228E5C79}.Release|Any CPU.Build.0 = Release|Any CPU
		{8528B69E-B816-48CE-AF6F-4972228E5C79}.Release|iPhone.ActiveCfg = Release|Any CPU
		{8528B69E-B816-48CE-AF6F-4972228E5C79}.Release|iPhone.Build.0 = Release|Any CPU
		{8528B69E-B816-48CE-AF6F-4972228E5C79}.Release|iPhoneSimulator.ActiveCfg = Release|Any CPU
		{8528B69E-B816-48CE-AF6F-4972228E5C79}.Release|iPhoneSimulator.Build.0 = Release|Any CPU
		{D98997DC-66D0-4703-B655-8EBF5F86B17D}.Ad-Hoc|Any CPU.ActiveCfg = Debug|Any CPU
		{D98997DC-66D0-4703-B655-8EBF5F86B17D}.Ad-Hoc|Any CPU.Build.0 = Debug|Any CPU
		{D98997DC-66D0-4703-B655-8EBF5F86B17D}.Ad-Hoc|iPhone.ActiveCfg = Debug|Any CPU
		{D98997DC-66D0-4703-B655-8EBF5F86B17D}.Ad-Hoc|iPhone.Build.0 = Debug|Any CPU
		{D98997DC-66D0-4703-B655-8EBF5F86B17D}.Ad-Hoc|iPhoneSimulator.ActiveCfg = Debug|Any CPU
		{D98997DC-66D0-4703-B655-8EBF5F86B17D}.Ad-Hoc|iPhoneSimulator.Build.0 = Debug|Any CPU
		{D98997DC-66D0-4703-B655-8EBF5F86B17D}.AppStore|Any CPU.ActiveCfg = Debug|Any CPU
		{D98997DC-66D0-4703-B655-8EBF5F86B17D}.AppStore|Any CPU.Build.0 = Debug|Any CPU
		{D98997DC-66D0-4703-B655-8EBF5F86B17D}.AppStore|iPhone.ActiveCfg = Debug|Any CPU
		{D98997DC-66D0-4703-B655-8EBF5F86B17D}.AppStore|iPhone.Build.0 = Debug|Any CPU
		{D98997DC-66D0-4703-B655-8EBF5F86B17D}.AppStore|iPhoneSimulator.ActiveCfg = Debug|Any CPU
		{D98997DC-66D0-4703-B655-8EBF5F86B17D}.AppStore|iPhoneSimulator.Build.0 = Debug|Any CPU
		{D98997DC-66D0-4703-B655-8EBF5F86B17D}.Debug|Any CPU.ActiveCfg = Debug|Any CPU
		{D98997DC-66D0-4703-B655-8EBF5F86B17D}.Debug|Any CPU.Build.0 = Debug|Any CPU
		{D98997DC-66D0-4703-B655-8EBF5F86B17D}.Debug|iPhone.ActiveCfg = Debug|Any CPU
		{D98997DC-66D0-4703-B655-8EBF5F86B17D}.Debug|iPhone.Build.0 = Debug|Any CPU
		{D98997DC-66D0-4703-B655-8EBF5F86B17D}.Debug|iPhoneSimulator.ActiveCfg = Debug|Any CPU
		{D98997DC-66D0-4703-B655-8EBF5F86B17D}.Debug|iPhoneSimulator.Build.0 = Debug|Any CPU
		{D98997DC-66D0-4703-B655-8EBF5F86B17D}.Release|Any CPU.ActiveCfg = Release|Any CPU
		{D98997DC-66D0-4703-B655-8EBF5F86B17D}.Release|Any CPU.Build.0 = Release|Any CPU
		{D98997DC-66D0-4703-B655-8EBF5F86B17D}.Release|iPhone.ActiveCfg = Release|Any CPU
		{D98997DC-66D0-4703-B655-8EBF5F86B17D}.Release|iPhone.Build.0 = Release|Any CPU
		{D98997DC-66D0-4703-B655-8EBF5F86B17D}.Release|iPhoneSimulator.ActiveCfg = Release|Any CPU
		{D98997DC-66D0-4703-B655-8EBF5F86B17D}.Release|iPhoneSimulator.Build.0 = Release|Any CPU
		{C9B156AB-D433-4FF7-8B70-BBAB7014B915}.Ad-Hoc|Any CPU.ActiveCfg = Release|Any CPU
		{C9B156AB-D433-4FF7-8B70-BBAB7014B915}.Ad-Hoc|Any CPU.Build.0 = Release|Any CPU
		{C9B156AB-D433-4FF7-8B70-BBAB7014B915}.Ad-Hoc|Any CPU.Deploy.0 = Release|Any CPU
		{C9B156AB-D433-4FF7-8B70-BBAB7014B915}.Ad-Hoc|iPhone.ActiveCfg = Release|Any CPU
		{C9B156AB-D433-4FF7-8B70-BBAB7014B915}.Ad-Hoc|iPhone.Build.0 = Release|Any CPU
		{C9B156AB-D433-4FF7-8B70-BBAB7014B915}.Ad-Hoc|iPhone.Deploy.0 = Release|Any CPU
		{C9B156AB-D433-4FF7-8B70-BBAB7014B915}.Ad-Hoc|iPhoneSimulator.ActiveCfg = Release|Any CPU
		{C9B156AB-D433-4FF7-8B70-BBAB7014B915}.Ad-Hoc|iPhoneSimulator.Build.0 = Release|Any CPU
		{C9B156AB-D433-4FF7-8B70-BBAB7014B915}.Ad-Hoc|iPhoneSimulator.Deploy.0 = Release|Any CPU
		{C9B156AB-D433-4FF7-8B70-BBAB7014B915}.AppStore|Any CPU.ActiveCfg = Release|Any CPU
		{C9B156AB-D433-4FF7-8B70-BBAB7014B915}.AppStore|Any CPU.Build.0 = Release|Any CPU
		{C9B156AB-D433-4FF7-8B70-BBAB7014B915}.AppStore|Any CPU.Deploy.0 = Release|Any CPU
		{C9B156AB-D433-4FF7-8B70-BBAB7014B915}.AppStore|iPhone.ActiveCfg = Release|Any CPU
		{C9B156AB-D433-4FF7-8B70-BBAB7014B915}.AppStore|iPhone.Build.0 = Release|Any CPU
		{C9B156AB-D433-4FF7-8B70-BBAB7014B915}.AppStore|iPhone.Deploy.0 = Release|Any CPU
		{C9B156AB-D433-4FF7-8B70-BBAB7014B915}.AppStore|iPhoneSimulator.ActiveCfg = Release|Any CPU
		{C9B156AB-D433-4FF7-8B70-BBAB7014B915}.AppStore|iPhoneSimulator.Build.0 = Release|Any CPU
		{C9B156AB-D433-4FF7-8B70-BBAB7014B915}.AppStore|iPhoneSimulator.Deploy.0 = Release|Any CPU
		{C9B156AB-D433-4FF7-8B70-BBAB7014B915}.Debug|Any CPU.ActiveCfg = Debug|Any CPU
		{C9B156AB-D433-4FF7-8B70-BBAB7014B915}.Debug|Any CPU.Build.0 = Debug|Any CPU
		{C9B156AB-D433-4FF7-8B70-BBAB7014B915}.Debug|Any CPU.Deploy.0 = Debug|Any CPU
		{C9B156AB-D433-4FF7-8B70-BBAB7014B915}.Debug|iPhone.ActiveCfg = Debug|Any CPU
		{C9B156AB-D433-4FF7-8B70-BBAB7014B915}.Debug|iPhone.Build.0 = Debug|Any CPU
		{C9B156AB-D433-4FF7-8B70-BBAB7014B915}.Debug|iPhone.Deploy.0 = Debug|Any CPU
		{C9B156AB-D433-4FF7-8B70-BBAB7014B915}.Debug|iPhoneSimulator.ActiveCfg = Debug|Any CPU
		{C9B156AB-D433-4FF7-8B70-BBAB7014B915}.Debug|iPhoneSimulator.Build.0 = Debug|Any CPU
		{C9B156AB-D433-4FF7-8B70-BBAB7014B915}.Debug|iPhoneSimulator.Deploy.0 = Debug|Any CPU
		{C9B156AB-D433-4FF7-8B70-BBAB7014B915}.Release|Any CPU.ActiveCfg = Release|Any CPU
		{C9B156AB-D433-4FF7-8B70-BBAB7014B915}.Release|Any CPU.Build.0 = Release|Any CPU
		{C9B156AB-D433-4FF7-8B70-BBAB7014B915}.Release|Any CPU.Deploy.0 = Release|Any CPU
		{C9B156AB-D433-4FF7-8B70-BBAB7014B915}.Release|iPhone.ActiveCfg = Release|Any CPU
		{C9B156AB-D433-4FF7-8B70-BBAB7014B915}.Release|iPhone.Build.0 = Release|Any CPU
		{C9B156AB-D433-4FF7-8B70-BBAB7014B915}.Release|iPhone.Deploy.0 = Release|Any CPU
		{C9B156AB-D433-4FF7-8B70-BBAB7014B915}.Release|iPhoneSimulator.ActiveCfg = Release|Any CPU
		{C9B156AB-D433-4FF7-8B70-BBAB7014B915}.Release|iPhoneSimulator.Build.0 = Release|Any CPU
		{C9B156AB-D433-4FF7-8B70-BBAB7014B915}.Release|iPhoneSimulator.Deploy.0 = Release|Any CPU
		{25EA3A9A-B2E7-4C50-B24D-018D7D9661D8}.Ad-Hoc|Any CPU.ActiveCfg = Ad-Hoc|iPhone
		{25EA3A9A-B2E7-4C50-B24D-018D7D9661D8}.Ad-Hoc|iPhone.ActiveCfg = Ad-Hoc|iPhone
		{25EA3A9A-B2E7-4C50-B24D-018D7D9661D8}.Ad-Hoc|iPhone.Build.0 = Ad-Hoc|iPhone
		{25EA3A9A-B2E7-4C50-B24D-018D7D9661D8}.Ad-Hoc|iPhoneSimulator.ActiveCfg = Ad-Hoc|iPhoneSimulator
		{25EA3A9A-B2E7-4C50-B24D-018D7D9661D8}.Ad-Hoc|iPhoneSimulator.Build.0 = Ad-Hoc|iPhoneSimulator
		{25EA3A9A-B2E7-4C50-B24D-018D7D9661D8}.AppStore|Any CPU.ActiveCfg = AppStore|iPhone
		{25EA3A9A-B2E7-4C50-B24D-018D7D9661D8}.AppStore|iPhone.ActiveCfg = AppStore|iPhone
		{25EA3A9A-B2E7-4C50-B24D-018D7D9661D8}.AppStore|iPhone.Build.0 = AppStore|iPhone
		{25EA3A9A-B2E7-4C50-B24D-018D7D9661D8}.AppStore|iPhoneSimulator.ActiveCfg = AppStore|iPhoneSimulator
		{25EA3A9A-B2E7-4C50-B24D-018D7D9661D8}.AppStore|iPhoneSimulator.Build.0 = AppStore|iPhoneSimulator
		{25EA3A9A-B2E7-4C50-B24D-018D7D9661D8}.Debug|Any CPU.ActiveCfg = Debug|iPhone
		{25EA3A9A-B2E7-4C50-B24D-018D7D9661D8}.Debug|iPhone.ActiveCfg = Debug|iPhone
		{25EA3A9A-B2E7-4C50-B24D-018D7D9661D8}.Debug|iPhone.Build.0 = Debug|iPhone
		{25EA3A9A-B2E7-4C50-B24D-018D7D9661D8}.Debug|iPhoneSimulator.ActiveCfg = Debug|iPhoneSimulator
		{25EA3A9A-B2E7-4C50-B24D-018D7D9661D8}.Debug|iPhoneSimulator.Build.0 = Debug|iPhoneSimulator
		{25EA3A9A-B2E7-4C50-B24D-018D7D9661D8}.Release|Any CPU.ActiveCfg = Release|iPhone
		{25EA3A9A-B2E7-4C50-B24D-018D7D9661D8}.Release|iPhone.ActiveCfg = Release|iPhone
		{25EA3A9A-B2E7-4C50-B24D-018D7D9661D8}.Release|iPhone.Build.0 = Release|iPhone
		{25EA3A9A-B2E7-4C50-B24D-018D7D9661D8}.Release|iPhoneSimulator.ActiveCfg = Release|iPhoneSimulator
		{25EA3A9A-B2E7-4C50-B24D-018D7D9661D8}.Release|iPhoneSimulator.Build.0 = Release|iPhoneSimulator
		{CD199DF0-2877-4A40-BE7E-76DF5A423F3C}.Ad-Hoc|Any CPU.ActiveCfg = Release|Any CPU
		{CD199DF0-2877-4A40-BE7E-76DF5A423F3C}.Ad-Hoc|Any CPU.Build.0 = Release|Any CPU
		{CD199DF0-2877-4A40-BE7E-76DF5A423F3C}.Ad-Hoc|Any CPU.Deploy.0 = Release|Any CPU
		{CD199DF0-2877-4A40-BE7E-76DF5A423F3C}.Ad-Hoc|iPhone.ActiveCfg = Release|Any CPU
		{CD199DF0-2877-4A40-BE7E-76DF5A423F3C}.Ad-Hoc|iPhone.Build.0 = Release|Any CPU
		{CD199DF0-2877-4A40-BE7E-76DF5A423F3C}.Ad-Hoc|iPhone.Deploy.0 = Release|Any CPU
		{CD199DF0-2877-4A40-BE7E-76DF5A423F3C}.Ad-Hoc|iPhoneSimulator.ActiveCfg = Release|Any CPU
		{CD199DF0-2877-4A40-BE7E-76DF5A423F3C}.Ad-Hoc|iPhoneSimulator.Build.0 = Release|Any CPU
		{CD199DF0-2877-4A40-BE7E-76DF5A423F3C}.Ad-Hoc|iPhoneSimulator.Deploy.0 = Release|Any CPU
		{CD199DF0-2877-4A40-BE7E-76DF5A423F3C}.AppStore|Any CPU.ActiveCfg = Release|Any CPU
		{CD199DF0-2877-4A40-BE7E-76DF5A423F3C}.AppStore|Any CPU.Build.0 = Release|Any CPU
		{CD199DF0-2877-4A40-BE7E-76DF5A423F3C}.AppStore|Any CPU.Deploy.0 = Release|Any CPU
		{CD199DF0-2877-4A40-BE7E-76DF5A423F3C}.AppStore|iPhone.ActiveCfg = Release|Any CPU
		{CD199DF0-2877-4A40-BE7E-76DF5A423F3C}.AppStore|iPhone.Build.0 = Release|Any CPU
		{CD199DF0-2877-4A40-BE7E-76DF5A423F3C}.AppStore|iPhone.Deploy.0 = Release|Any CPU
		{CD199DF0-2877-4A40-BE7E-76DF5A423F3C}.AppStore|iPhoneSimulator.ActiveCfg = Release|Any CPU
		{CD199DF0-2877-4A40-BE7E-76DF5A423F3C}.AppStore|iPhoneSimulator.Build.0 = Release|Any CPU
		{CD199DF0-2877-4A40-BE7E-76DF5A423F3C}.AppStore|iPhoneSimulator.Deploy.0 = Release|Any CPU
		{CD199DF0-2877-4A40-BE7E-76DF5A423F3C}.Debug|Any CPU.ActiveCfg = Debug|Any CPU
		{CD199DF0-2877-4A40-BE7E-76DF5A423F3C}.Debug|Any CPU.Build.0 = Debug|Any CPU
		{CD199DF0-2877-4A40-BE7E-76DF5A423F3C}.Debug|Any CPU.Deploy.0 = Debug|Any CPU
		{CD199DF0-2877-4A40-BE7E-76DF5A423F3C}.Debug|iPhone.ActiveCfg = Debug|Any CPU
		{CD199DF0-2877-4A40-BE7E-76DF5A423F3C}.Debug|iPhone.Build.0 = Debug|Any CPU
		{CD199DF0-2877-4A40-BE7E-76DF5A423F3C}.Debug|iPhone.Deploy.0 = Debug|Any CPU
		{CD199DF0-2877-4A40-BE7E-76DF5A423F3C}.Debug|iPhoneSimulator.ActiveCfg = Debug|Any CPU
		{CD199DF0-2877-4A40-BE7E-76DF5A423F3C}.Debug|iPhoneSimulator.Build.0 = Debug|Any CPU
		{CD199DF0-2877-4A40-BE7E-76DF5A423F3C}.Debug|iPhoneSimulator.Deploy.0 = Debug|Any CPU
		{CD199DF0-2877-4A40-BE7E-76DF5A423F3C}.Release|Any CPU.ActiveCfg = Release|Any CPU
		{CD199DF0-2877-4A40-BE7E-76DF5A423F3C}.Release|Any CPU.Build.0 = Release|Any CPU
		{CD199DF0-2877-4A40-BE7E-76DF5A423F3C}.Release|Any CPU.Deploy.0 = Release|Any CPU
		{CD199DF0-2877-4A40-BE7E-76DF5A423F3C}.Release|iPhone.ActiveCfg = Release|Any CPU
		{CD199DF0-2877-4A40-BE7E-76DF5A423F3C}.Release|iPhone.Build.0 = Release|Any CPU
		{CD199DF0-2877-4A40-BE7E-76DF5A423F3C}.Release|iPhone.Deploy.0 = Release|Any CPU
		{CD199DF0-2877-4A40-BE7E-76DF5A423F3C}.Release|iPhoneSimulator.ActiveCfg = Release|Any CPU
		{CD199DF0-2877-4A40-BE7E-76DF5A423F3C}.Release|iPhoneSimulator.Build.0 = Release|Any CPU
		{CD199DF0-2877-4A40-BE7E-76DF5A423F3C}.Release|iPhoneSimulator.Deploy.0 = Release|Any CPU
		{0102FABD-26CE-4F96-9592-167F28A878CC}.Ad-Hoc|Any CPU.ActiveCfg = Release|iPhone
		{0102FABD-26CE-4F96-9592-167F28A878CC}.Ad-Hoc|Any CPU.Build.0 = Release|iPhone
		{0102FABD-26CE-4F96-9592-167F28A878CC}.Ad-Hoc|iPhone.ActiveCfg = Release|iPhone
		{0102FABD-26CE-4F96-9592-167F28A878CC}.Ad-Hoc|iPhone.Build.0 = Release|iPhone
		{0102FABD-26CE-4F96-9592-167F28A878CC}.Ad-Hoc|iPhoneSimulator.ActiveCfg = Release|iPhoneSimulator
		{0102FABD-26CE-4F96-9592-167F28A878CC}.Ad-Hoc|iPhoneSimulator.Build.0 = Release|iPhoneSimulator
		{0102FABD-26CE-4F96-9592-167F28A878CC}.AppStore|Any CPU.ActiveCfg = Release|iPhone
		{0102FABD-26CE-4F96-9592-167F28A878CC}.AppStore|Any CPU.Build.0 = Release|iPhone
		{0102FABD-26CE-4F96-9592-167F28A878CC}.AppStore|iPhone.ActiveCfg = Release|iPhone
		{0102FABD-26CE-4F96-9592-167F28A878CC}.AppStore|iPhone.Build.0 = Release|iPhone
		{0102FABD-26CE-4F96-9592-167F28A878CC}.AppStore|iPhoneSimulator.ActiveCfg = Release|iPhoneSimulator
		{0102FABD-26CE-4F96-9592-167F28A878CC}.AppStore|iPhoneSimulator.Build.0 = Release|iPhoneSimulator
		{0102FABD-26CE-4F96-9592-167F28A878CC}.Debug|Any CPU.ActiveCfg = Debug|iPhone
		{0102FABD-26CE-4F96-9592-167F28A878CC}.Debug|iPhone.ActiveCfg = Debug|iPhone
		{0102FABD-26CE-4F96-9592-167F28A878CC}.Debug|iPhone.Build.0 = Debug|iPhone
		{0102FABD-26CE-4F96-9592-167F28A878CC}.Debug|iPhoneSimulator.ActiveCfg = Debug|iPhoneSimulator
		{0102FABD-26CE-4F96-9592-167F28A878CC}.Debug|iPhoneSimulator.Build.0 = Debug|iPhoneSimulator
		{0102FABD-26CE-4F96-9592-167F28A878CC}.Release|Any CPU.ActiveCfg = Release|iPhone
		{0102FABD-26CE-4F96-9592-167F28A878CC}.Release|iPhone.ActiveCfg = Release|iPhone
		{0102FABD-26CE-4F96-9592-167F28A878CC}.Release|iPhone.Build.0 = Release|iPhone
		{0102FABD-26CE-4F96-9592-167F28A878CC}.Release|iPhoneSimulator.ActiveCfg = Release|iPhoneSimulator
		{0102FABD-26CE-4F96-9592-167F28A878CC}.Release|iPhoneSimulator.Build.0 = Release|iPhoneSimulator
	EndGlobalSection
	GlobalSection(SolutionProperties) = preSolution
		HideSolutionNode = FALSE
	EndGlobalSection
	GlobalSection(ExtensibilityGlobals) = postSolution
		SolutionGuid = {4D1A6E01-7975-46EE-839E-F1AD631999BE}
	EndGlobalSection
EndGlobal
